{
    "requires": true,
    "lockfileVersion": 1,
    "dependencies": {
        "location-picker": {
            "version": "1.1.1",
            "resolved": "https://registry.npmjs.org/location-picker/-/location-picker-1.1.1.tgz",
            "integrity": "sha512-pG1HxHeJfu7hRu06hmfP81Q/6m4pOdl22kya7hAdwtqqEl+84NXxrIiPExipRu0rcTchP7YUu316TQAxjnneGQ=="
        }
    }
}
